
Microsoft Visual Studio Solution File, Format Version 12.00
# Visual Studio Version 17
VisualStudioVersion = 17.11.35312.102
MinimumVisualStudioVersion = 10.0.40219.1
Project("{FAE04EC0-301F-11D3-BF4B-00C04F79EFBC}") = "MdxServices", "MdxServices.csproj", "{37190477-3381-4A23-8FF0-C9D02A1AA78B}"
EndProject
Global
	GlobalSection(SolutionConfigurationPlatforms) = preSolution
		Debug|Any CPU = Debug|Any CPU
		Release|Any CPU = Release|Any CPU
	EndGlobalSection
	GlobalSection(ProjectConfigurationPlatforms) = postSolution
		{37190477-3381-4A23-8FF0-C9D02A1AA78B}.Debug|Any CPU.ActiveCfg = Debug|Any CPU
		{37190477-3381-4A23-8FF0-C9D02A1AA78B}.Debug|Any CPU.Build.0 = Debug|Any CPU
		{37190477-3381-4A23-8FF0-C9D02A1AA78B}.Release|Any CPU.ActiveCfg = Release|Any CPU
		{37190477-3381-4A23-8FF0-C9D02A1AA78B}.Release|Any CPU.Build.0 = Release|Any CPU
	EndGlobalSection
	GlobalSection(SolutionProperties) = preSolution
		HideSolutionNode = FALSE
	EndGlobalSection
	GlobalSection(ExtensibilityGlobals) = postSolution
		SolutionGuid = {DD0AE601-80A2-444F-A2E9-9AB9EEB00F53}
	EndGlobalSection
EndGlobal
